
Microsoft Visual Studio Solution File, Format Version 12.00
# Visual Studio 15
VisualStudioVersion = 15.0.28307.136
MinimumVisualStudioVersion = 10.0.40219.1
Project("{FAE04EC0-301F-11D3-BF4B-00C04F79EFBC}") = "TopChefKitchen", "TopChefKitchen\TopChefKitchen.csproj", "{D04F2BCE-7CE5-48D1-B4B5-145A639A422B}"
EndProject
Project("{FAE04EC0-301F-11D3-BF4B-00C04F79EFBC}") = "TopChefRestaurant", "TopChefRestaurant\TopChefRestaurant.csproj", "{A58E5149-864B-4538-A413-75E00A1FDF69}"
EndProject
Project("{FAE04EC0-301F-11D3-BF4B-00C04F79EFBC}") = "TopChefRestaurantTest", "TopChefRestaurantTest\TopChefRestaurantTest.csproj", "{83D173F3-922B-48DC-9197-B493CDDCADEC}"
EndProject
Global
	GlobalSection(SolutionConfigurationPlatforms) = preSolution
		Debug|Any CPU = Debug|Any CPU
		Release|Any CPU = Release|Any CPU
	EndGlobalSection
	GlobalSection(ProjectConfigurationPlatforms) = postSolution
		{D04F2BCE-7CE5-48D1-B4B5-145A639A422B}.Debug|Any CPU.ActiveCfg = Debug|Any CPU
		{D04F2BCE-7CE5-48D1-B4B5-145A639A422B}.Debug|Any CPU.Build.0 = Debug|Any CPU
		{D04F2BCE-7CE5-48D1-B4B5-145A639A422B}.Release|Any CPU.ActiveCfg = Release|Any CPU
		{D04F2BCE-7CE5-48D1-B4B5-145A639A422B}.Release|Any CPU.Build.0 = Release|Any CPU
		{A58E5149-864B-4538-A413-75E00A1FDF69}.Debug|Any CPU.ActiveCfg = Debug|Any CPU
		{A58E5149-864B-4538-A413-75E00A1FDF69}.Debug|Any CPU.Build.0 = Debug|Any CPU
		{A58E5149-864B-4538-A413-75E00A1FDF69}.Release|Any CPU.ActiveCfg = Release|Any CPU
		{A58E5149-864B-4538-A413-75E00A1FDF69}.Release|Any CPU.Build.0 = Release|Any CPU
		{83D173F3-922B-48DC-9197-B493CDDCADEC}.Debug|Any CPU.ActiveCfg = Debug|Any CPU
		{83D173F3-922B-48DC-9197-B493CDDCADEC}.Debug|Any CPU.Build.0 = Debug|Any CPU
		{83D173F3-922B-48DC-9197-B493CDDCADEC}.Release|Any CPU.ActiveCfg = Release|Any CPU
		{83D173F3-922B-48DC-9197-B493CDDCADEC}.Release|Any CPU.Build.0 = Release|Any CPU
	EndGlobalSection
	GlobalSection(SolutionProperties) = preSolution
		HideSolutionNode = FALSE
	EndGlobalSection
	GlobalSection(ExtensibilityGlobals) = postSolution
		SolutionGuid = {8F96DA13-921A-4035-B0CB-A59AA02433DA}
	EndGlobalSection
EndGlobal
